
Microsoft Visual Studio Solution File, Format Version 12.00
Project("{FAE04EC0-301F-11D3-BF4B-00C04F79EFBC}") = "MessageOpgave", "MessageOpgave\MessageOpgave.csproj", "{87D1F3A8-EFF0-4523-943B-558406D1E82A}"
EndProject
Project("{2150E333-8FDC-42A3-9474-1A3956D46DE8}") = "Lektion7-Opgaver", "Lektion7-Opgaver", "{D9B10588-2412-4895-8B78-69978D8D9642}"
EndProject
Project("{FAE04EC0-301F-11D3-BF4B-00C04F79EFBC}") = "Publisher-Subscriber", "Publisher-Subscriber\Publisher-Subscriber.csproj", "{12A5878E-409E-44FA-BC2C-C7C2880C52E7}"
EndProject
Project("{2150E333-8FDC-42A3-9474-1A3956D46DE8}") = "Opgave 3", "Opgave 3", "{CC34439C-19A9-4DDA-8FD8-2DBB67E49B3F}"
EndProject
Project("{FAE04EC0-301F-11D3-BF4B-00C04F79EFBC}") = "Point-to-point", "Point-to-point\Point-to-point.csproj", "{0BF6C66D-032B-474D-8470-5747E5631028}"
EndProject
Project("{2150E333-8FDC-42A3-9474-1A3956D46DE8}") = "Opgave4", "Opgave4", "{844A0733-704E-45CA-B831-EAF95AEA3AFD}"
EndProject
Project("{FAE04EC0-301F-11D3-BF4B-00C04F79EFBC}") = "Alternativ-Til-Publisher-Subscriber", "Alternativ-Til-Publisher-Subscriber\Alternativ-Til-Publisher-Subscriber.csproj", "{864CE563-4194-43E9-9258-4BA090DA5DCE}"
EndProject
Project("{2150E333-8FDC-42A3-9474-1A3956D46DE8}") = "Lektion8-Opgaver", "Lektion8-Opgaver", "{D7871B91-443C-4541-8213-476B5143A598}"
EndProject
Project("{2150E333-8FDC-42A3-9474-1A3956D46DE8}") = "Lektion2 Opgaver", "Lektion2 Opgaver", "{470C4ACB-1913-465F-A46C-6DFC1585006D}"
EndProject
Project("{2150E333-8FDC-42A3-9474-1A3956D46DE8}") = "Opgave1 ", "Opgave1 ", "{62D56DFB-ADDA-4374-8833-D7CB7B666E61}"
EndProject
Project("{FAE04EC0-301F-11D3-BF4B-00C04F79EFBC}") = "Request-Reply", "Request-Reply\Request-Reply.csproj", "{4DAB739F-9774-4E38-873A-6DBD4213817D}"
EndProject
Project("{2150E333-8FDC-42A3-9474-1A3956D46DE8}") = "Lektion9 - Message Channel Og Construction", "Lektion9 - Message Channel Og Construction", "{52FEA173-7203-4E86-9EA9-EFDEECF717E6}"
EndProject
Project("{2150E333-8FDC-42A3-9474-1A3956D46DE8}") = "Opgave 1 - TimeToBeReceived", "Opgave 1 - TimeToBeReceived", "{E210DF4B-5328-464C-80FF-CDFB3E61E897}"
EndProject
Project("{FAE04EC0-301F-11D3-BF4B-00C04F79EFBC}") = "TimeToBeReceived", "TimeToBeReceived\TimeToBeReceived.csproj", "{DEF41741-A2B8-4AB8-A3EB-DA7E9D466350}"
EndProject
Global
	GlobalSection(SolutionConfigurationPlatforms) = preSolution
		Debug|Any CPU = Debug|Any CPU
		Release|Any CPU = Release|Any CPU
	EndGlobalSection
	GlobalSection(ProjectConfigurationPlatforms) = postSolution
		{87D1F3A8-EFF0-4523-943B-558406D1E82A}.Debug|Any CPU.ActiveCfg = Debug|Any CPU
		{87D1F3A8-EFF0-4523-943B-558406D1E82A}.Debug|Any CPU.Build.0 = Debug|Any CPU
		{87D1F3A8-EFF0-4523-943B-558406D1E82A}.Release|Any CPU.ActiveCfg = Release|Any CPU
		{87D1F3A8-EFF0-4523-943B-558406D1E82A}.Release|Any CPU.Build.0 = Release|Any CPU
		{12A5878E-409E-44FA-BC2C-C7C2880C52E7}.Debug|Any CPU.ActiveCfg = Debug|Any CPU
		{12A5878E-409E-44FA-BC2C-C7C2880C52E7}.Debug|Any CPU.Build.0 = Debug|Any CPU
		{12A5878E-409E-44FA-BC2C-C7C2880C52E7}.Release|Any CPU.ActiveCfg = Release|Any CPU
		{12A5878E-409E-44FA-BC2C-C7C2880C52E7}.Release|Any CPU.Build.0 = Release|Any CPU
		{0BF6C66D-032B-474D-8470-5747E5631028}.Debug|Any CPU.ActiveCfg = Debug|Any CPU
		{0BF6C66D-032B-474D-8470-5747E5631028}.Debug|Any CPU.Build.0 = Debug|Any CPU
		{0BF6C66D-032B-474D-8470-5747E5631028}.Release|Any CPU.ActiveCfg = Release|Any CPU
		{0BF6C66D-032B-474D-8470-5747E5631028}.Release|Any CPU.Build.0 = Release|Any CPU
		{864CE563-4194-43E9-9258-4BA090DA5DCE}.Debug|Any CPU.ActiveCfg = Debug|Any CPU
		{864CE563-4194-43E9-9258-4BA090DA5DCE}.Debug|Any CPU.Build.0 = Debug|Any CPU
		{864CE563-4194-43E9-9258-4BA090DA5DCE}.Release|Any CPU.ActiveCfg = Release|Any CPU
		{864CE563-4194-43E9-9258-4BA090DA5DCE}.Release|Any CPU.Build.0 = Release|Any CPU
		{4DAB739F-9774-4E38-873A-6DBD4213817D}.Debug|Any CPU.ActiveCfg = Debug|Any CPU
		{4DAB739F-9774-4E38-873A-6DBD4213817D}.Debug|Any CPU.Build.0 = Debug|Any CPU
		{4DAB739F-9774-4E38-873A-6DBD4213817D}.Release|Any CPU.ActiveCfg = Release|Any CPU
		{4DAB739F-9774-4E38-873A-6DBD4213817D}.Release|Any CPU.Build.0 = Release|Any CPU
		{DEF41741-A2B8-4AB8-A3EB-DA7E9D466350}.Debug|Any CPU.ActiveCfg = Debug|Any CPU
		{DEF41741-A2B8-4AB8-A3EB-DA7E9D466350}.Debug|Any CPU.Build.0 = Debug|Any CPU
		{DEF41741-A2B8-4AB8-A3EB-DA7E9D466350}.Release|Any CPU.ActiveCfg = Release|Any CPU
		{DEF41741-A2B8-4AB8-A3EB-DA7E9D466350}.Release|Any CPU.Build.0 = Release|Any CPU
	EndGlobalSection
	GlobalSection(NestedProjects) = preSolution
		{12A5878E-409E-44FA-BC2C-C7C2880C52E7} = {D9B10588-2412-4895-8B78-69978D8D9642}
		{CC34439C-19A9-4DDA-8FD8-2DBB67E49B3F} = {D9B10588-2412-4895-8B78-69978D8D9642}
		{0BF6C66D-032B-474D-8470-5747E5631028} = {CC34439C-19A9-4DDA-8FD8-2DBB67E49B3F}
		{844A0733-704E-45CA-B831-EAF95AEA3AFD} = {D9B10588-2412-4895-8B78-69978D8D9642}
		{864CE563-4194-43E9-9258-4BA090DA5DCE} = {844A0733-704E-45CA-B831-EAF95AEA3AFD}
		{87D1F3A8-EFF0-4523-943B-558406D1E82A} = {470C4ACB-1913-465F-A46C-6DFC1585006D}
		{62D56DFB-ADDA-4374-8833-D7CB7B666E61} = {D7871B91-443C-4541-8213-476B5143A598}
		{4DAB739F-9774-4E38-873A-6DBD4213817D} = {62D56DFB-ADDA-4374-8833-D7CB7B666E61}
		{E210DF4B-5328-464C-80FF-CDFB3E61E897} = {52FEA173-7203-4E86-9EA9-EFDEECF717E6}
		{DEF41741-A2B8-4AB8-A3EB-DA7E9D466350} = {E210DF4B-5328-464C-80FF-CDFB3E61E897}
	EndGlobalSection
EndGlobal
